
Microsoft Visual Studio Solution File, Format Version 12.00
# Visual Studio Version 17
VisualStudioVersion = 17.3.32901.215
MinimumVisualStudioVersion = 10.0.40219.1
Project("{9A19103F-16F7-4668-BE54-9A1E7A4F7556}") = "Server", "Server\Server.csproj", "{7CD10CE6-462D-4BF5-946E-228C636D0869}"
EndProject
Project("{9A19103F-16F7-4668-BE54-9A1E7A4F7556}") = "Domain", "Domain\Domain.csproj", "{9CB5ADEE-1C50-4E3A-9634-0DA045568CA4}"
EndProject
Project("{FAE04EC0-301F-11D3-BF4B-00C04F79EFBC}") = "Services", "Services\Services.csproj", "{7ADD4125-8D50-4D7B-B1C2-480672288F27}"
EndProject
Project("{FAE04EC0-301F-11D3-BF4B-00C04F79EFBC}") = "Shared", "Shared\Shared.csproj", "{9AB62BF3-F0FE-4316-9A90-59641DBFD2C2}"
EndProject
Global
	GlobalSection(SolutionConfigurationPlatforms) = preSolution
		Debug|Any CPU = Debug|Any CPU
		Release|Any CPU = Release|Any CPU
	EndGlobalSection
	GlobalSection(ProjectConfigurationPlatforms) = postSolution
		{7CD10CE6-462D-4BF5-946E-228C636D0869}.Debug|Any CPU.ActiveCfg = Debug|Any CPU
		{7CD10CE6-462D-4BF5-946E-228C636D0869}.Debug|Any CPU.Build.0 = Debug|Any CPU
		{7CD10CE6-462D-4BF5-946E-228C636D0869}.Release|Any CPU.ActiveCfg = Release|Any CPU
		{7CD10CE6-462D-4BF5-946E-228C636D0869}.Release|Any CPU.Build.0 = Release|Any CPU
		{9CB5ADEE-1C50-4E3A-9634-0DA045568CA4}.Debug|Any CPU.ActiveCfg = Debug|Any CPU
		{9CB5ADEE-1C50-4E3A-9634-0DA045568CA4}.Debug|Any CPU.Build.0 = Debug|Any CPU
		{9CB5ADEE-1C50-4E3A-9634-0DA045568CA4}.Release|Any CPU.ActiveCfg = Release|Any CPU
		{9CB5ADEE-1C50-4E3A-9634-0DA045568CA4}.Release|Any CPU.Build.0 = Release|Any CPU
		{7ADD4125-8D50-4D7B-B1C2-480672288F27}.Debug|Any CPU.ActiveCfg = Debug|Any CPU
		{7ADD4125-8D50-4D7B-B1C2-480672288F27}.Debug|Any CPU.Build.0 = Debug|Any CPU
		{7ADD4125-8D50-4D7B-B1C2-480672288F27}.Release|Any CPU.ActiveCfg = Release|Any CPU
		{7ADD4125-8D50-4D7B-B1C2-480672288F27}.Release|Any CPU.Build.0 = Release|Any CPU
		{9AB62BF3-F0FE-4316-9A90-59641DBFD2C2}.Debug|Any CPU.ActiveCfg = Debug|Any CPU
		{9AB62BF3-F0FE-4316-9A90-59641DBFD2C2}.Debug|Any CPU.Build.0 = Debug|Any CPU
		{9AB62BF3-F0FE-4316-9A90-59641DBFD2C2}.Release|Any CPU.ActiveCfg = Release|Any CPU
		{9AB62BF3-F0FE-4316-9A90-59641DBFD2C2}.Release|Any CPU.Build.0 = Release|Any CPU
	EndGlobalSection
	GlobalSection(SolutionProperties) = preSolution
		HideSolutionNode = FALSE
	EndGlobalSection
	GlobalSection(ExtensibilityGlobals) = postSolution
		SolutionGuid = {6343092B-BA06-4AED-A5C1-420A12A8FE5D}
	EndGlobalSection
EndGlobal
